// !$*UTF8*$!
{
	archiveVersion = 1;
	classes = {
	};
	objectVersion = 50;
	objects = {

/* Begin PBXBuildFile section */
		40E9FEFF00C521CE94DB40B5 /* Pods_Countthem.framework in Frameworks */ = {isa = PBXBuildFile; fileRef = 196338DF1F2970EE61B64879 /* Pods_Countthem.framework */; };
		EA06A0EB228BDD7D0010E6AB /* CategoriesHelper.swift in Sources */ = {isa = PBXBuildFile; fileRef = EA06A0EA228BDD7D0010E6AB /* CategoriesHelper.swift */; };
		EA0DA31022953F5E0095499F /* DebtBookController.swift in Sources */ = {isa = PBXBuildFile; fileRef = EA0DA30F22953F5E0095499F /* DebtBookController.swift */; };
		EA0DA312229545040095499F /* Debt+DebtorsCollectionViewCell.swift in Sources */ = {isa = PBXBuildFile; fileRef = EA0DA311229545040095499F /* Debt+DebtorsCollectionViewCell.swift */; };
		EA10E6F12294201D00EE5FA0 /* AppDesignHelper.swift in Sources */ = {isa = PBXBuildFile; fileRef = EA10E6F02294201D00EE5FA0 /* AppDesignHelper.swift */; };
		EA180D932292818500603B8F /* IconCollectionViewCell.swift in Sources */ = {isa = PBXBuildFile; fileRef = EA180D922292818500603B8F /* IconCollectionViewCell.swift */; };
		EA1D7B232287ECD3005B0BF1 /* ExpenseTableViewCell.swift in Sources */ = {isa = PBXBuildFile; fileRef = EA1D7B222287ECD3005B0BF1 /* ExpenseTableViewCell.swift */; };
		EA1D7B262288F993005B0BF1 /* SettingsPageViewController.swift in Sources */ = {isa = PBXBuildFile; fileRef = EA1D7B252288F993005B0BF1 /* SettingsPageViewController.swift */; };
		EA57498322842EA90058D576 /* AppDelegate.swift in Sources */ = {isa = PBXBuildFile; fileRef = EA57498222842EA90058D576 /* AppDelegate.swift */; };
		EA57498522842EA90058D576 /* MainPageViewController.swift in Sources */ = {isa = PBXBuildFile; fileRef = EA57498422842EA90058D576 /* MainPageViewController.swift */; };
		EA57498822842EA90058D576 /* Main.storyboard in Resources */ = {isa = PBXBuildFile; fileRef = EA57498622842EA90058D576 /* Main.storyboard */; };
		EA57498B22842EA90058D576 /* Countthem.xcdatamodeld in Sources */ = {isa = PBXBuildFile; fileRef = EA57498922842EA90058D576 /* Countthem.xcdatamodeld */; };
		EA57498D22842EAA0058D576 /* Assets.xcassets in Resources */ = {isa = PBXBuildFile; fileRef = EA57498C22842EAA0058D576 /* Assets.xcassets */; };
		EA57499022842EAA0058D576 /* LaunchScreen.storyboard in Resources */ = {isa = PBXBuildFile; fileRef = EA57498E22842EAA0058D576 /* LaunchScreen.storyboard */; };
		EA6FBAC2229E442400C1C731 /* StatisticsViewController.swift in Sources */ = {isa = PBXBuildFile; fileRef = EA6FBAC1229E442400C1C731 /* StatisticsViewController.swift */; };
		EA6FEE1D228578ED006847E9 /* CategoryCollectionViewCell.swift in Sources */ = {isa = PBXBuildFile; fileRef = EA6FEE1C228578ED006847E9 /* CategoryCollectionViewCell.swift */; };
		EA7BC28E22A139B300C5A0BF /* StatsTableViewCell.swift in Sources */ = {isa = PBXBuildFile; fileRef = EA7BC28D22A139B300C5A0BF /* StatsTableViewCell.swift */; };
		EA7D445A22A7515B002422D4 /* CurrencyHelper.swift in Sources */ = {isa = PBXBuildFile; fileRef = EA7D445922A7515B002422D4 /* CurrencyHelper.swift */; };
		EA8170C422898E7200464744 /* CategoriesViewController.swift in Sources */ = {isa = PBXBuildFile; fileRef = EA8170C322898E7200464744 /* CategoriesViewController.swift */; };
		EA8170C62289918700464744 /* AddCategoryPageViewController.swift in Sources */ = {isa = PBXBuildFile; fileRef = EA8170C52289918700464744 /* AddCategoryPageViewController.swift */; };
		EA901EFD2293DD900082C9EB /* AppAnimationHelper.swift in Sources */ = {isa = PBXBuildFile; fileRef = EA901EFC2293DD900082C9EB /* AppAnimationHelper.swift */; };
		EAC85B452290540E007B0768 /* ExpensesHelper.swift in Sources */ = {isa = PBXBuildFile; fileRef = EAC85B442290540E007B0768 /* ExpensesHelper.swift */; };
		EAC85B472290563F007B0768 /* AddExpenseTableViewController.swift in Sources */ = {isa = PBXBuildFile; fileRef = EAC85B462290563F007B0768 /* AddExpenseTableViewController.swift */; };
		EAC8D59522993CE3002005E7 /* AddItemDebtBookController.swift in Sources */ = {isa = PBXBuildFile; fileRef = EAC8D59422993CE3002005E7 /* AddItemDebtBookController.swift */; };
		EAC8D5972299425A002005E7 /* DebtBookHelper.swift in Sources */ = {isa = PBXBuildFile; fileRef = EAC8D5962299425A002005E7 /* DebtBookHelper.swift */; };
		EACB725222A78AB900FD159B /* defaults.plist in Resources */ = {isa = PBXBuildFile; fileRef = EACB725122A78AB900FD159B /* defaults.plist */; };
		EAD005C022A799E9005CE548 /* CurrencyViewController.swift in Sources */ = {isa = PBXBuildFile; fileRef = EAD005BF22A799E9005CE548 /* CurrencyViewController.swift */; };
/* End PBXBuildFile section */

/* Begin PBXFileReference section */
		196338DF1F2970EE61B64879 /* Pods_Countthem.framework */ = {isa = PBXFileReference; explicitFileType = wrapper.framework; includeInIndex = 0; path = Pods_Countthem.framework; sourceTree = BUILT_PRODUCTS_DIR; };
		4EFA89284AD1C8D27ECF8320 /* Pods-Countthem.release.xcconfig */ = {isa = PBXFileReference; includeInIndex = 1; lastKnownFileType = text.xcconfig; name = "Pods-Countthem.release.xcconfig"; path = "Pods/Target Support Files/Pods-Countthem/Pods-Countthem.release.xcconfig"; sourceTree = "<group>"; };
		84166AAFFEF06A83E8CC70EA /* Pods-Countthem.debug.xcconfig */ = {isa = PBXFileReference; includeInIndex = 1; lastKnownFileType = text.xcconfig; name = "Pods-Countthem.debug.xcconfig"; path = "Pods/Target Support Files/Pods-Countthem/Pods-Countthem.debug.xcconfig"; sourceTree = "<group>"; };
		EA06A0EA228BDD7D0010E6AB /* CategoriesHelper.swift */ = {isa = PBXFileReference; lastKnownFileType = sourcecode.swift; path = CategoriesHelper.swift; sourceTree = "<group>"; };
		EA0DA30F22953F5E0095499F /* DebtBookController.swift */ = {isa = PBXFileReference; lastKnownFileType = sourcecode.swift; path = DebtBookController.swift; sourceTree = "<group>"; };
		EA0DA311229545040095499F /* Debt+DebtorsCollectionViewCell.swift */ = {isa = PBXFileReference; lastKnownFileType = sourcecode.swift; path = "Debt+DebtorsCollectionViewCell.swift"; sourceTree = "<group>"; };
		EA10E6F02294201D00EE5FA0 /* AppDesignHelper.swift */ = {isa = PBXFileReference; lastKnownFileType = sourcecode.swift; path = AppDesignHelper.swift; sourceTree = "<group>"; };
		EA180D922292818500603B8F /* IconCollectionViewCell.swift */ = {isa = PBXFileReference; lastKnownFileType = sourcecode.swift; path = IconCollectionViewCell.swift; sourceTree = "<group>"; };
		EA1D7B222287ECD3005B0BF1 /* ExpenseTableViewCell.swift */ = {isa = PBXFileReference; lastKnownFileType = sourcecode.swift; path = ExpenseTableViewCell.swift; sourceTree = "<group>"; };
		EA1D7B252288F993005B0BF1 /* SettingsPageViewController.swift */ = {isa = PBXFileReference; lastKnownFileType = sourcecode.swift; path = SettingsPageViewController.swift; sourceTree = "<group>"; };
		EA57497F22842EA90058D576 /* Countthem.app */ = {isa = PBXFileReference; explicitFileType = wrapper.application; includeInIndex = 0; path = Countthem.app; sourceTree = BUILT_PRODUCTS_DIR; };
		EA57498222842EA90058D576 /* AppDelegate.swift */ = {isa = PBXFileReference; lastKnownFileType = sourcecode.swift; path = AppDelegate.swift; sourceTree = "<group>"; };
		EA57498422842EA90058D576 /* MainPageViewController.swift */ = {isa = PBXFileReference; lastKnownFileType = sourcecode.swift; path = MainPageViewController.swift; sourceTree = "<group>"; };
		EA57498722842EA90058D576 /* Base */ = {isa = PBXFileReference; lastKnownFileType = file.storyboard; name = Base; path = Base.lproj/Main.storyboard; sourceTree = "<group>"; };
		EA57498A22842EA90058D576 /* Countthem.xcdatamodel */ = {isa = PBXFileReference; lastKnownFileType = wrapper.xcdatamodel; path = Countthem.xcdatamodel; sourceTree = "<group>"; };
		EA57498C22842EAA0058D576 /* Assets.xcassets */ = {isa = PBXFileReference; lastKnownFileType = folder.assetcatalog; path = Assets.xcassets; sourceTree = "<group>"; };
		EA57498F22842EAA0058D576 /* Base */ = {isa = PBXFileReference; lastKnownFileType = file.storyboard; name = Base; path = Base.lproj/LaunchScreen.storyboard; sourceTree = "<group>"; };
		EA57499122842EAA0058D576 /* Info.plist */ = {isa = PBXFileReference; lastKnownFileType = text.plist.xml; path = Info.plist; sourceTree = "<group>"; };
		EA6FBAC1229E442400C1C731 /* StatisticsViewController.swift */ = {isa = PBXFileReference; lastKnownFileType = sourcecode.swift; path = StatisticsViewController.swift; sourceTree = "<group>"; };
		EA6FEE1C228578ED006847E9 /* CategoryCollectionViewCell.swift */ = {isa = PBXFileReference; lastKnownFileType = sourcecode.swift; path = CategoryCollectionViewCell.swift; sourceTree = "<group>"; };
		EA7BC28D22A139B300C5A0BF /* StatsTableViewCell.swift */ = {isa = PBXFileReference; lastKnownFileType = sourcecode.swift; path = StatsTableViewCell.swift; sourceTree = "<group>"; };
		EA7D445922A7515B002422D4 /* CurrencyHelper.swift */ = {isa = PBXFileReference; lastKnownFileType = sourcecode.swift; path = CurrencyHelper.swift; sourceTree = "<group>"; };
		EA8170C322898E7200464744 /* CategoriesViewController.swift */ = {isa = PBXFileReference; lastKnownFileType = sourcecode.swift; path = CategoriesViewController.swift; sourceTree = "<group>"; };
		EA8170C52289918700464744 /* AddCategoryPageViewController.swift */ = {isa = PBXFileReference; lastKnownFileType = sourcecode.swift; path = AddCategoryPageViewController.swift; sourceTree = "<group>"; };
		EA901EFC2293DD900082C9EB /* AppAnimationHelper.swift */ = {isa = PBXFileReference; lastKnownFileType = sourcecode.swift; path = AppAnimationHelper.swift; sourceTree = "<group>"; };
		EAC85B442290540E007B0768 /* ExpensesHelper.swift */ = {isa = PBXFileReference; lastKnownFileType = sourcecode.swift; path = ExpensesHelper.swift; sourceTree = "<group>"; };
		EAC85B462290563F007B0768 /* AddExpenseTableViewController.swift */ = {isa = PBXFileReference; lastKnownFileType = sourcecode.swift; path = AddExpenseTableViewController.swift; sourceTree = "<group>"; };
		EAC8D59422993CE3002005E7 /* AddItemDebtBookController.swift */ = {isa = PBXFileReference; lastKnownFileType = sourcecode.swift; path = AddItemDebtBookController.swift; sourceTree = "<group>"; };
		EAC8D5962299425A002005E7 /* DebtBookHelper.swift */ = {isa = PBXFileReference; lastKnownFileType = sourcecode.swift; path = DebtBookHelper.swift; sourceTree = "<group>"; };
		EACB725122A78AB900FD159B /* defaults.plist */ = {isa = PBXFileReference; lastKnownFileType = text.plist.xml; path = defaults.plist; sourceTree = "<group>"; };
		EAD005BF22A799E9005CE548 /* CurrencyViewController.swift */ = {isa = PBXFileReference; lastKnownFileType = sourcecode.swift; path = CurrencyViewController.swift; sourceTree = "<group>"; };
/* End PBXFileReference section */

/* Begin PBXFrameworksBuildPhase section */
		EA57497C22842EA90058D576 /* Frameworks */ = {
			isa = PBXFrameworksBuildPhase;
			buildActionMask = 2147483647;
			files = (
				40E9FEFF00C521CE94DB40B5 /* Pods_Countthem.framework in Frameworks */,
			);
			runOnlyForDeploymentPostprocessing = 0;
		};
/* End PBXFrameworksBuildPhase section */

/* Begin PBXGroup section */
		98A1B6D80B729478999D160E /* Frameworks */ = {
			isa = PBXGroup;
			children = (
				196338DF1F2970EE61B64879 /* Pods_Countthem.framework */,
			);
			name = Frameworks;
			sourceTree = "<group>";
		};
		A5BFC2E704C98A051BA06D0E /* Pods */ = {
			isa = PBXGroup;
			children = (
				84166AAFFEF06A83E8CC70EA /* Pods-Countthem.debug.xcconfig */,
				4EFA89284AD1C8D27ECF8320 /* Pods-Countthem.release.xcconfig */,
			);
			name = Pods;
			sourceTree = "<group>";
		};
		EA1D7B242288F965005B0BF1 /* Controller */ = {
			isa = PBXGroup;
			children = (
				EA57498422842EA90058D576 /* MainPageViewController.swift */,
				EA1D7B252288F993005B0BF1 /* SettingsPageViewController.swift */,
				EA8170C322898E7200464744 /* CategoriesViewController.swift */,
				EA8170C52289918700464744 /* AddCategoryPageViewController.swift */,
				EAC85B462290563F007B0768 /* AddExpenseTableViewController.swift */,
				EA0DA30F22953F5E0095499F /* DebtBookController.swift */,
				EAC8D59422993CE3002005E7 /* AddItemDebtBookController.swift */,
				EA6FBAC1229E442400C1C731 /* StatisticsViewController.swift */,
				EAD005BF22A799E9005CE548 /* CurrencyViewController.swift */,
			);
			name = Controller;
			sourceTree = "<group>";
		};
		EA57497622842EA90058D576 = {
			isa = PBXGroup;
			children = (
				EA57498122842EA90058D576 /* Countthem */,
				EA57498022842EA90058D576 /* Products */,
				A5BFC2E704C98A051BA06D0E /* Pods */,
				98A1B6D80B729478999D160E /* Frameworks */,
			);
			sourceTree = "<group>";
		};
		EA57498022842EA90058D576 /* Products */ = {
			isa = PBXGroup;
			children = (
				EA57497F22842EA90058D576 /* Countthem.app */,
			);
			name = Products;
			sourceTree = "<group>";
		};
		EA57498122842EA90058D576 /* Countthem */ = {
			isa = PBXGroup;
			children = (
				EA1D7B242288F965005B0BF1 /* Controller */,
				EA6FEE1B228578D2006847E9 /* View */,
				EA6FEE1A228578C7006847E9 /* Model */,
				EA57498222842EA90058D576 /* AppDelegate.swift */,
				EA57498622842EA90058D576 /* Main.storyboard */,
				EA57498C22842EAA0058D576 /* Assets.xcassets */,
				EA57498E22842EAA0058D576 /* LaunchScreen.storyboard */,
				EA57499122842EAA0058D576 /* Info.plist */,
				EACB725122A78AB900FD159B /* defaults.plist */,
			);
			path = Countthem;
			sourceTree = "<group>";
		};
		EA6FEE1A228578C7006847E9 /* Model */ = {
			isa = PBXGroup;
			children = (
				EA06A0EA228BDD7D0010E6AB /* CategoriesHelper.swift */,
				EAC85B442290540E007B0768 /* ExpensesHelper.swift */,
				EA901EFC2293DD900082C9EB /* AppAnimationHelper.swift */,
				EA57498922842EA90058D576 /* Countthem.xcdatamodeld */,
				EA10E6F02294201D00EE5FA0 /* AppDesignHelper.swift */,
				EAC8D5962299425A002005E7 /* DebtBookHelper.swift */,
				EA7D445922A7515B002422D4 /* CurrencyHelper.swift */,
			);
			name = Model;
			sourceTree = "<group>";
		};
		EA6FEE1B228578D2006847E9 /* View */ = {
			isa = PBXGroup;
			children = (
				EA6FEE1C228578ED006847E9 /* CategoryCollectionViewCell.swift */,
				EA1D7B222287ECD3005B0BF1 /* ExpenseTableViewCell.swift */,
				EA180D922292818500603B8F /* IconCollectionViewCell.swift */,
				EA0DA311229545040095499F /* Debt+DebtorsCollectionViewCell.swift */,
				EA7BC28D22A139B300C5A0BF /* StatsTableViewCell.swift */,
			);
			path = View;
			sourceTree = "<group>";
		};
/* End PBXGroup section */

/* Begin PBXNativeTarget section */
		EA57497E22842EA90058D576 /* Countthem */ = {
			isa = PBXNativeTarget;
			buildConfigurationList = EA57499422842EAA0058D576 /* Build configuration list for PBXNativeTarget "Countthem" */;
			buildPhases = (
				952C972ED3C8F815835EB381 /* [CP] Check Pods Manifest.lock */,
				EA57497B22842EA90058D576 /* Sources */,
				EA57497C22842EA90058D576 /* Frameworks */,
				EA57497D22842EA90058D576 /* Resources */,
				E0CEFC4C0A15857A18115240 /* [CP] Embed Pods Frameworks */,
			);
			buildRules = (
			);
			dependencies = (
			);
			name = Countthem;
			productName = Countthem;
			productReference = EA57497F22842EA90058D576 /* Countthem.app */;
			productType = "com.apple.product-type.application";
		};
/* End PBXNativeTarget section */

/* Begin PBXProject section */
		EA57497722842EA90058D576 /* Project object */ = {
			isa = PBXProject;
			attributes = {
				LastSwiftUpdateCheck = 1020;
				LastUpgradeCheck = 1020;
				ORGANIZATIONNAME = "Kirill Pushkarskiy";
				TargetAttributes = {
					EA57497E22842EA90058D576 = {
						CreatedOnToolsVersion = 10.2.1;
					};
				};
			};
			buildConfigurationList = EA57497A22842EA90058D576 /* Build configuration list for PBXProject "Countthem" */;
			compatibilityVersion = "Xcode 9.3";
			developmentRegion = en;
			hasScannedForEncodings = 0;
			knownRegions = (
				en,
				Base,
			);
			mainGroup = EA57497622842EA90058D576;
			productRefGroup = EA57498022842EA90058D576 /* Products */;
			projectDirPath = "";
			projectRoot = "";
			targets = (
				EA57497E22842EA90058D576 /* Countthem */,
			);
		};
/* End PBXProject section */

/* Begin PBXResourcesBuildPhase section */
		EA57497D22842EA90058D576 /* Resources */ = {
			isa = PBXResourcesBuildPhase;
			buildActionMask = 2147483647;
			files = (
				EACB725222A78AB900FD159B /* defaults.plist in Resources */,
				EA57499022842EAA0058D576 /* LaunchScreen.storyboard in Resources */,
				EA57498D22842EAA0058D576 /* Assets.xcassets in Resources */,
				EA57498822842EA90058D576 /* Main.storyboard in Resources */,
			);
			runOnlyForDeploymentPostprocessing = 0;
		};
/* End PBXResourcesBuildPhase section */

/* Begin PBXShellScriptBuildPhase section */
		952C972ED3C8F815835EB381 /* [CP] Check Pods Manifest.lock */ = {
			isa = PBXShellScriptBuildPhase;
			buildActionMask = 2147483647;
			files = (
			);
			inputFileListPaths = (
			);
			inputPaths = (
				"${PODS_PODFILE_DIR_PATH}/Podfile.lock",
				"${PODS_ROOT}/Manifest.lock",
			);
			name = "[CP] Check Pods Manifest.lock";
			outputFileListPaths = (
			);
			outputPaths = (
				"$(DERIVED_FILE_DIR)/Pods-Countthem-checkManifestLockResult.txt",
			);
			runOnlyForDeploymentPostprocessing = 0;
			shellPath = /bin/sh;
			shellScript = "diff \"${PODS_PODFILE_DIR_PATH}/Podfile.lock\" \"${PODS_ROOT}/Manifest.lock\" > /dev/null\nif [ $? != 0 ] ; then\n    # print error to STDERR\n    echo \"error: The sandbox is not in sync with the Podfile.lock. Run 'pod install' or update your CocoaPods installation.\" >&2\n    exit 1\nfi\n# This output is used by Xcode 'outputs' to avoid re-running this script phase.\necho \"SUCCESS\" > \"${SCRIPT_OUTPUT_FILE_0}\"\n";
			showEnvVarsInLog = 0;
		};
		E0CEFC4C0A15857A18115240 /* [CP] Embed Pods Frameworks */ = {
			isa = PBXShellScriptBuildPhase;
			buildActionMask = 2147483647;
			files = (
			);
			inputFileListPaths = (
			);
			inputPaths = (
				"${SRCROOT}/Pods/Target Support Files/Pods-Countthem/Pods-Countthem-frameworks.sh",
				"${BUILT_PRODUCTS_DIR}/Alamofire/Alamofire.framework",
				"${BUILT_PRODUCTS_DIR}/ChameleonFramework/ChameleonFramework.framework",
				"${BUILT_PRODUCTS_DIR}/FSCalendar/FSCalendar.framework",
				"${BUILT_PRODUCTS_DIR}/SwiftyJSON/SwiftyJSON.framework",
				"${BUILT_PRODUCTS_DIR}/SwiftyPlistManager/SwiftyPlistManager.framework",
			);
			name = "[CP] Embed Pods Frameworks";
			outputFileListPaths = (
			);
			outputPaths = (
				"${TARGET_BUILD_DIR}/${FRAMEWORKS_FOLDER_PATH}/Alamofire.framework",
				"${TARGET_BUILD_DIR}/${FRAMEWORKS_FOLDER_PATH}/ChameleonFramework.framework",
				"${TARGET_BUILD_DIR}/${FRAMEWORKS_FOLDER_PATH}/FSCalendar.framework",
				"${TARGET_BUILD_DIR}/${FRAMEWORKS_FOLDER_PATH}/SwiftyJSON.framework",
				"${TARGET_BUILD_DIR}/${FRAMEWORKS_FOLDER_PATH}/SwiftyPlistManager.framework",
			);
			runOnlyForDeploymentPostprocessing = 0;
			shellPath = /bin/sh;
			shellScript = "\"${SRCROOT}/Pods/Target Support Files/Pods-Countthem/Pods-Countthem-frameworks.sh\"\n";
			showEnvVarsInLog = 0;
		};
/* End PBXShellScriptBuildPhase section */

/* Begin PBXSourcesBuildPhase section */
		EA57497B22842EA90058D576 /* Sources */ = {
			isa = PBXSourcesBuildPhase;
			buildActionMask = 2147483647;
			files = (
				EA1D7B262288F993005B0BF1 /* SettingsPageViewController.swift in Sources */,
				EA7BC28E22A139B300C5A0BF /* StatsTableViewCell.swift in Sources */,
				EAC8D5972299425A002005E7 /* DebtBookHelper.swift in Sources */,
				EA06A0EB228BDD7D0010E6AB /* CategoriesHelper.swift in Sources */,
				EA0DA31022953F5E0095499F /* DebtBookController.swift in Sources */,
				EA0DA312229545040095499F /* Debt+DebtorsCollectionViewCell.swift in Sources */,
				EA6FBAC2229E442400C1C731 /* StatisticsViewController.swift in Sources */,
				EAC8D59522993CE3002005E7 /* AddItemDebtBookController.swift in Sources */,
				EA901EFD2293DD900082C9EB /* AppAnimationHelper.swift in Sources */,
				EAD005C022A799E9005CE548 /* CurrencyViewController.swift in Sources */,
				EA8170C62289918700464744 /* AddCategoryPageViewController.swift in Sources */,
				EA1D7B232287ECD3005B0BF1 /* ExpenseTableViewCell.swift in Sources */,
				EA6FEE1D228578ED006847E9 /* CategoryCollectionViewCell.swift in Sources */,
				EA57498522842EA90058D576 /* MainPageViewController.swift in Sources */,
				EAC85B472290563F007B0768 /* AddExpenseTableViewController.swift in Sources */,
				EA57498322842EA90058D576 /* AppDelegate.swift in Sources */,
				EA8170C422898E7200464744 /* CategoriesViewController.swift in Sources */,
				EA7D445A22A7515B002422D4 /* CurrencyHelper.swift in Sources */,
				EAC85B452290540E007B0768 /* ExpensesHelper.swift in Sources */,
				EA57498B22842EA90058D576 /* Countthem.xcdatamodeld in Sources */,
				EA180D932292818500603B8F /* IconCollectionViewCell.swift in Sources */,
				EA10E6F12294201D00EE5FA0 /* AppDesignHelper.swift in Sources */,
			);
			runOnlyForDeploymentPostprocessing = 0;
		};
/* End PBXSourcesBuildPhase section */

/* Begin PBXVariantGroup section */
		EA57498622842EA90058D576 /* Main.storyboard */ = {
			isa = PBXVariantGroup;
			children = (
				EA57498722842EA90058D576 /* Base */,
			);
			name = Main.storyboard;
			sourceTree = "<group>";
		};
		EA57498E22842EAA0058D576 /* LaunchScreen.storyboard */ = {
			isa = PBXVariantGroup;
			children = (
				EA57498F22842EAA0058D576 /* Base */,
			);
			name = LaunchScreen.storyboard;
			sourceTree = "<group>";
		};
/* End PBXVariantGroup section */

/* Begin XCBuildConfiguration section */
		EA57499222842EAA0058D576 /* Debug */ = {
			isa = XCBuildConfiguration;
			buildSettings = {
				ALWAYS_SEARCH_USER_PATHS = NO;
				CLANG_ANALYZER_NONNULL = YES;
				CLANG_ANALYZER_NUMBER_OBJECT_CONVERSION = YES_AGGRESSIVE;
				CLANG_CXX_LANGUAGE_STANDARD = "gnu++14";
				CLANG_CXX_LIBRARY = "libc++";
				CLANG_ENABLE_MODULES = YES;
				CLANG_ENABLE_OBJC_ARC = YES;
				CLANG_ENABLE_OBJC_WEAK = YES;
				CLANG_WARN_BLOCK_CAPTURE_AUTORELEASING = YES;
				CLANG_WARN_BOOL_CONVERSION = YES;
				CLANG_WARN_COMMA = YES;
				CLANG_WARN_CONSTANT_CONVERSION = YES;
				CLANG_WARN_DEPRECATED_OBJC_IMPLEMENTATIONS = YES;
				CLANG_WARN_DIRECT_OBJC_ISA_USAGE = YES_ERROR;
				CLANG_WARN_DOCUMENTATION_COMMENTS = YES;
				CLANG_WARN_EMPTY_BODY = YES;
				CLANG_WARN_ENUM_CONVERSION = YES;
				CLANG_WARN_INFINITE_RECURSION = YES;
				CLANG_WARN_INT_CONVERSION = YES;
				CLANG_WARN_NON_LITERAL_NULL_CONVERSION = YES;
				CLANG_WARN_OBJC_IMPLICIT_RETAIN_SELF = YES;
				CLANG_WARN_OBJC_LITERAL_CONVERSION = YES;
				CLANG_WARN_OBJC_ROOT_CLASS = YES_ERROR;
				CLANG_WARN_RANGE_LOOP_ANALYSIS = YES;
				CLANG_WARN_STRICT_PROTOTYPES = YES;
				CLANG_WARN_SUSPICIOUS_MOVE = YES;
				CLANG_WARN_UNGUARDED_AVAILABILITY = YES_AGGRESSIVE;
				CLANG_WARN_UNREACHABLE_CODE = YES;
				CLANG_WARN__DUPLICATE_METHOD_MATCH = YES;
				CODE_SIGN_IDENTITY = "iPhone Developer";
				COPY_PHASE_STRIP = NO;
				DEBUG_INFORMATION_FORMAT = dwarf;
				ENABLE_STRICT_OBJC_MSGSEND = YES;
				ENABLE_TESTABILITY = YES;
				GCC_C_LANGUAGE_STANDARD = gnu11;
				GCC_DYNAMIC_NO_PIC = NO;
				GCC_NO_COMMON_BLOCKS = YES;
				GCC_OPTIMIZATION_LEVEL = 0;
				GCC_PREPROCESSOR_DEFINITIONS = (
					"DEBUG=1",
					"$(inherited)",
				);
				GCC_WARN_64_TO_32_BIT_CONVERSION = YES;
				GCC_WARN_ABOUT_RETURN_TYPE = YES_ERROR;
				GCC_WARN_UNDECLARED_SELECTOR = YES;
				GCC_WARN_UNINITIALIZED_AUTOS = YES_AGGRESSIVE;
				GCC_WARN_UNUSED_FUNCTION = YES;
				GCC_WARN_UNUSED_VARIABLE = YES;
				IPHONEOS_DEPLOYMENT_TARGET = 12.2;
				MTL_ENABLE_DEBUG_INFO = INCLUDE_SOURCE;
				MTL_FAST_MATH = YES;
				ONLY_ACTIVE_ARCH = YES;
				SDKROOT = iphoneos;
				SWIFT_ACTIVE_COMPILATION_CONDITIONS = DEBUG;
				SWIFT_OPTIMIZATION_LEVEL = "-Onone";
			};
			name = Debug;
		};
		EA57499322842EAA0058D576 /* Release */ = {
			isa = XCBuildConfiguration;
			buildSettings = {
				ALWAYS_SEARCH_USER_PATHS = NO;
				CLANG_ANALYZER_NONNULL = YES;
				CLANG_ANALYZER_NUMBER_OBJECT_CONVERSION = YES_AGGRESSIVE;
				CLANG_CXX_LANGUAGE_STANDARD = "gnu++14";
				CLANG_CXX_LIBRARY = "libc++";
				CLANG_ENABLE_MODULES = YES;
				CLANG_ENABLE_OBJC_ARC = YES;
				CLANG_ENABLE_OBJC_WEAK = YES;
				CLANG_WARN_BLOCK_CAPTURE_AUTORELEASING = YES;
				CLANG_WARN_BOOL_CONVERSION = YES;
				CLANG_WARN_COMMA = YES;
				CLANG_WARN_CONSTANT_CONVERSION = YES;
				CLANG_WARN_DEPRECATED_OBJC_IMPLEMENTATIONS = YES;
				CLANG_WARN_DIRECT_OBJC_ISA_USAGE = YES_ERROR;
				CLANG_WARN_DOCUMENTATION_COMMENTS = YES;
				CLANG_WARN_EMPTY_BODY = YES;
				CLANG_WARN_ENUM_CONVERSION = YES;
				CLANG_WARN_INFINITE_RECURSION = YES;
				CLANG_WARN_INT_CONVERSION = YES;
				CLANG_WARN_NON_LITERAL_NULL_CONVERSION = YES;
				CLANG_WARN_OBJC_IMPLICIT_RETAIN_SELF = YES;
				CLANG_WARN_OBJC_LITERAL_CONVERSION = YES;
				CLANG_WARN_OBJC_ROOT_CLASS = YES_ERROR;
				CLANG_WARN_RANGE_LOOP_ANALYSIS = YES;
				CLANG_WARN_STRICT_PROTOTYPES = YES;
				CLANG_WARN_SUSPICIOUS_MOVE = YES;
				CLANG_WARN_UNGUARDED_AVAILABILITY = YES_AGGRESSIVE;
				CLANG_WARN_UNREACHABLE_CODE = YES;
				CLANG_WARN__DUPLICATE_METHOD_MATCH = YES;
				CODE_SIGN_IDENTITY = "iPhone Developer";
				COPY_PHASE_STRIP = NO;
				DEBUG_INFORMATION_FORMAT = "dwarf-with-dsym";
				ENABLE_NS_ASSERTIONS = NO;
				ENABLE_STRICT_OBJC_MSGSEND = YES;
				GCC_C_LANGUAGE_STANDARD = gnu11;
				GCC_NO_COMMON_BLOCKS = YES;
				GCC_WARN_64_TO_32_BIT_CONVERSION = YES;
				GCC_WARN_ABOUT_RETURN_TYPE = YES_ERROR;
				GCC_WARN_UNDECLARED_SELECTOR = YES;
				GCC_WARN_UNINITIALIZED_AUTOS = YES_AGGRESSIVE;
				GCC_WARN_UNUSED_FUNCTION = YES;
				GCC_WARN_UNUSED_VARIABLE = YES;
				IPHONEOS_DEPLOYMENT_TARGET = 12.2;
				MTL_ENABLE_DEBUG_INFO = NO;
				MTL_FAST_MATH = YES;
				SDKROOT = iphoneos;
				SWIFT_COMPILATION_MODE = wholemodule;
				SWIFT_OPTIMIZATION_LEVEL = "-O";
				VALIDATE_PRODUCT = YES;
			};
			name = Release;
		};
		EA57499522842EAA0058D576 /* Debug */ = {
			isa = XCBuildConfiguration;
			baseConfigurationReference = 84166AAFFEF06A83E8CC70EA /* Pods-Countthem.debug.xcconfig */;
			buildSettings = {
				ASSETCATALOG_COMPILER_APPICON_NAME = AppIcon;
				CODE_SIGN_STYLE = Automatic;
				DEVELOPMENT_TEAM = 64QF8T4Z48;
				INFOPLIST_FILE = Countthem/Info.plist;
				LD_RUNPATH_SEARCH_PATHS = (
					"$(inherited)",
					"@executable_path/Frameworks",
				);
				PRODUCT_BUNDLE_IDENTIFIER = com.wecreatethem.Countthem;
				PRODUCT_NAME = "$(TARGET_NAME)";
				SWIFT_VERSION = 5.0;
				TARGETED_DEVICE_FAMILY = "1,2";
			};
			name = Debug;
		};
		EA57499622842EAA0058D576 /* Release */ = {
			isa = XCBuildConfiguration;
			baseConfigurationReference = 4EFA89284AD1C8D27ECF8320 /* Pods-Countthem.release.xcconfig */;
			buildSettings = {
				ASSETCATALOG_COMPILER_APPICON_NAME = AppIcon;
				CODE_SIGN_STYLE = Automatic;
				DEVELOPMENT_TEAM = 64QF8T4Z48;
				INFOPLIST_FILE = Countthem/Info.plist;
				LD_RUNPATH_SEARCH_PATHS = (
					"$(inherited)",
					"@executable_path/Frameworks",
				);
				PRODUCT_BUNDLE_IDENTIFIER = com.wecreatethem.Countthem;
				PRODUCT_NAME = "$(TARGET_NAME)";
				SWIFT_VERSION = 5.0;
				TARGETED_DEVICE_FAMILY = "1,2";
			};
			name = Release;
		};
/* End XCBuildConfiguration section */

/* Begin XCConfigurationList section */
		EA57497A22842EA90058D576 /* Build configuration list for PBXProject "Countthem" */ = {
			isa = XCConfigurationList;
			buildConfigurations = (
				EA57499222842EAA0058D576 /* Debug */,
				EA57499322842EAA0058D576 /* Release */,
			);
			defaultConfigurationIsVisible = 0;
			defaultConfigurationName = Release;
		};
		EA57499422842EAA0058D576 /* Build configuration list for PBXNativeTarget "Countthem" */ = {
			isa = XCConfigurationList;
			buildConfigurations = (
				EA57499522842EAA0058D576 /* Debug */,
				EA57499622842EAA0058D576 /* Release */,
			);
			defaultConfigurationIsVisible = 0;
			defaultConfigurationName = Release;
		};
/* End XCConfigurationList section */

/* Begin XCVersionGroup section */
		EA57498922842EA90058D576 /* Countthem.xcdatamodeld */ = {
			isa = XCVersionGroup;
			children = (
				EA57498A22842EA90058D576 /* Countthem.xcdatamodel */,
			);
			currentVersion = EA57498A22842EA90058D576 /* Countthem.xcdatamodel */;
			path = Countthem.xcdatamodeld;
			sourceTree = "<group>";
			versionGroupType = wrapper.xcdatamodel;
		};
/* End XCVersionGroup section */
	};
	rootObject = EA57497722842EA90058D576 /* Project object */;
}
